
Microsoft Visual Studio Solution File, Format Version 12.00
# Visual Studio 15
VisualStudioVersion = 15.0.26020.0
MinimumVisualStudioVersion = 10.0.40219.1
Project("{FAE04EC0-301F-11D3-BF4B-00C04F79EFBC}") = "Labb1", "Labb1\Labb1.csproj", "{4AF0835B-FC39-4981-9533-811C65242CCA}"
EndProject
Global
	GlobalSection(SolutionConfigurationPlatforms) = preSolution
		Debug|Any CPU = Debug|Any CPU
		Release|Any CPU = Release|Any CPU
	EndGlobalSection
	GlobalSection(ProjectConfigurationPlatforms) = postSolution
		{4AF0835B-FC39-4981-9533-811C65242CCA}.Debug|Any CPU.ActiveCfg = Debug|Any CPU
		{4AF0835B-FC39-4981-9533-811C65242CCA}.Debug|Any CPU.Build.0 = Debug|Any CPU
		{4AF0835B-FC39-4981-9533-811C65242CCA}.Release|Any CPU.ActiveCfg = Release|Any CPU
		{4AF0835B-FC39-4981-9533-811C65242CCA}.Release|Any CPU.Build.0 = Release|Any CPU
	EndGlobalSection
	GlobalSection(SolutionProperties) = preSolution
		HideSolutionNode = FALSE
	EndGlobalSection
EndGlobal
